{
  "name": "@node-projects/web-component-designer",
  "version": "0.0.1",
  "lockfileVersion": 2,
  "requires": true,
  "packages": {
    "": {
      "name": "@node-projects/web-component-designer",
      "version": "0.0.1",
      "license": "BSD-3-Clause",
      "dependencies": {
        "@node-projects/base-custom-webcomponent": "^0.0.200",
        "@webcomponents/webcomponentsjs": "^2.5.0",
        "construct-style-sheets-polyfill": "^2.4.16"
      },
      "devDependencies": {
        "@node-projects/node-html-parser-esm": "^2.2.2",
        "@types/jquery": "^3.5.5",
        "@types/jquery.fancytree": "0.0.6",
        "ace-builds": "^1.4.12",
        "jquery": "^3.6.0",
        "jquery.fancytree": "^2.38.0",
        "monaco-editor": "^0.23.0",
        "node-html-parser": "^3.2.0",
        "typescript": "^4.3.0-dev.20210501",
        "typescript-lit-html-plugin": "^0.9.0"
      }
    },
    "node_modules/@emmetio/extract-abbreviation": {
      "version": "0.1.6",
      "dev": true,
      "license": "MIT"
    },
    "node_modules/@node-projects/base-custom-webcomponent": {
      "version": "0.0.200",
      "resolved": "https://registry.npmjs.org/@node-projects/base-custom-webcomponent/-/base-custom-webcomponent-0.0.200.tgz",
      "integrity": "sha512-EEeC1Cx/F+mtVOzfOH9kEcc2Gc+11llW6pmte+mHZsrk1VHhBYESRGndY7nnphlBrLxByD8SsqsWCpILum2pJw=="
    },
    "node_modules/@node-projects/lean-he-esm": {
      "version": "3.3.0",
      "dev": true,
      "license": "MIT"
    },
    "node_modules/@node-projects/node-html-parser-esm": {
      "version": "2.2.2",
      "dev": true,
      "license": "MIT",
      "dependencies": {
        "@node-projects/lean-he-esm": "^3.2.0"
      }
    },
    "node_modules/@types/jquery": {
      "version": "3.5.5",
      "dev": true,
      "license": "MIT",
      "dependencies": {
        "@types/sizzle": "*"
      }
    },
    "node_modules/@types/jquery.fancytree": {
      "version": "0.0.6",
      "dev": true,
      "license": "MIT",
      "dependencies": {
        "@types/jquery": "*",
        "@types/jqueryui": "*"
      }
    },
    "node_modules/@types/jqueryui": {
      "version": "1.12.14",
      "dev": true,
      "license": "MIT",
      "dependencies": {
        "@types/jquery": "*"
      }
    },
    "node_modules/@types/sizzle": {
      "version": "2.3.2",
      "dev": true,
      "license": "MIT"
    },
    "node_modules/@webcomponents/webcomponentsjs": {
      "version": "2.5.0",
      "license": "BSD-3-Clause"
    },
    "node_modules/ace-builds": {
      "version": "1.4.12",
      "dev": true,
      "license": "BSD-3-Clause"
    },
    "node_modules/boolbase": {
      "version": "1.0.0",
      "dev": true,
      "license": "ISC"
    },
    "node_modules/construct-style-sheets-polyfill": {
      "version": "2.4.16",
      "license": "MIT"
    },
    "node_modules/css-select": {
      "version": "3.1.2",
      "dev": true,
      "license": "BSD-2-Clause",
      "dependencies": {
        "boolbase": "^1.0.0",
        "css-what": "^4.0.0",
        "domhandler": "^4.0.0",
        "domutils": "^2.4.3",
        "nth-check": "^2.0.0"
      },
      "funding": {
        "url": "https://github.com/sponsors/fb55"
      }
    },
    "node_modules/css-what": {
      "version": "4.0.0",
      "dev": true,
      "license": "BSD-2-Clause",
      "engines": {
        "node": ">= 6"
      },
      "funding": {
        "url": "https://github.com/sponsors/fb55"
      }
    },
    "node_modules/dom-serializer": {
      "version": "1.3.1",
      "dev": true,
      "license": "MIT",
      "dependencies": {
        "domelementtype": "^2.0.1",
        "domhandler": "^4.0.0",
        "entities": "^2.0.0"
      },
      "funding": {
        "url": "https://github.com/cheeriojs/dom-serializer?sponsor=1"
      }
    },
    "node_modules/domelementtype": {
      "version": "2.2.0",
      "dev": true,
      "funding": [
        {
          "type": "github",
          "url": "https://github.com/sponsors/fb55"
        }
      ],
      "license": "BSD-2-Clause"
    },
    "node_modules/domhandler": {
      "version": "4.2.0",
      "dev": true,
      "license": "BSD-2-Clause",
      "dependencies": {
        "domelementtype": "^2.2.0"
      },
      "engines": {
        "node": ">= 4"
      },
      "funding": {
        "url": "https://github.com/fb55/domhandler?sponsor=1"
      }
    },
    "node_modules/domutils": {
      "version": "2.6.0",
      "dev": true,
      "license": "BSD-2-Clause",
      "dependencies": {
        "dom-serializer": "^1.0.1",
        "domelementtype": "^2.2.0",
        "domhandler": "^4.2.0"
      },
      "funding": {
        "url": "https://github.com/fb55/domutils?sponsor=1"
      }
    },
    "node_modules/entities": {
      "version": "2.2.0",
      "dev": true,
      "license": "BSD-2-Clause",
      "funding": {
        "url": "https://github.com/fb55/entities?sponsor=1"
      }
    },
    "node_modules/he": {
      "version": "1.2.0",
      "dev": true,
      "license": "MIT",
      "bin": {
        "he": "bin/he"
      }
    },
    "node_modules/jquery": {
      "version": "3.6.0",
      "dev": true,
      "license": "MIT"
    },
    "node_modules/jquery.fancytree": {
      "version": "2.38.0",
      "dev": true,
      "license": "MIT",
      "peerDependencies": {
        "jquery": ">=1.9"
      }
    },
    "node_modules/jsonc-parser": {
      "version": "1.0.3",
      "dev": true,
      "license": "MIT"
    },
    "node_modules/monaco-editor": {
      "version": "0.23.0",
      "dev": true,
      "license": "MIT"
    },
    "node_modules/node-html-parser": {
      "version": "3.2.0",
      "dev": true,
      "license": "MIT",
      "dependencies": {
        "css-select": "^3.1.2",
        "he": "1.2.0"
      }
    },
    "node_modules/nth-check": {
      "version": "2.0.0",
      "dev": true,
      "license": "BSD-2-Clause",
      "dependencies": {
        "boolbase": "^1.0.0"
      },
      "funding": {
        "url": "https://github.com/fb55/nth-check?sponsor=1"
      }
    },
    "node_modules/typescript": {
      "version": "4.3.0-dev.20210501",
      "resolved": "https://registry.npmjs.org/typescript/-/typescript-4.3.0-dev.20210501.tgz",
      "integrity": "sha512-rMtoZu3p8ELtzGI2NzGs4Xyiyc5Yy9mW8c7tCV2cjd11AS9hrqxNrfuCeph/jWWftgtuwx8ZbAxxnBlT69QnzQ==",
      "dev": true,
      "bin": {
        "tsc": "bin/tsc",
        "tsserver": "bin/tsserver"
      },
      "engines": {
        "node": ">=4.2.0"
      }
    },
    "node_modules/typescript-lit-html-plugin": {
      "version": "0.9.0",
      "dev": true,
      "license": "MIT",
      "dependencies": {
        "typescript-styled-plugin": "^0.13.0",
        "typescript-template-language-service-decorator": "^2.2.0",
        "vscode-html-languageservice": "^2.1.10",
        "vscode-languageserver-types": "^3.13.0"
      }
    },
    "node_modules/typescript-styled-plugin": {
      "version": "0.13.0",
      "dev": true,
      "license": "MIT",
      "dependencies": {
        "typescript-template-language-service-decorator": "^2.0.0",
        "vscode-css-languageservice": "^3.0.12",
        "vscode-emmet-helper": "1.2.11",
        "vscode-languageserver-types": "^3.13.0"
      }
    },
    "node_modules/typescript-template-language-service-decorator": {
      "version": "2.2.0",
      "dev": true,
      "license": "MIT"
    },
    "node_modules/vscode-css-languageservice": {
      "version": "3.0.13",
      "dev": true,
      "license": "MIT",
      "dependencies": {
        "vscode-languageserver-types": "^3.13.0",
        "vscode-nls": "^4.0.0"
      }
    },
    "node_modules/vscode-emmet-helper": {
      "version": "1.2.11",
      "dev": true,
      "license": "MIT",
      "dependencies": {
        "@emmetio/extract-abbreviation": "0.1.6",
        "jsonc-parser": "^1.0.0",
        "vscode-languageserver-types": "^3.6.0-next.1"
      }
    },
    "node_modules/vscode-html-languageservice": {
      "version": "2.1.12",
      "dev": true,
      "license": "MIT",
      "dependencies": {
        "vscode-languageserver-types": "^3.13.0",
        "vscode-nls": "^4.0.0",
        "vscode-uri": "^1.0.6"
      }
    },
    "node_modules/vscode-languageserver-types": {
      "version": "3.14.0",
      "dev": true,
      "license": "MIT"
    },
    "node_modules/vscode-nls": {
      "version": "4.1.1",
      "dev": true,
      "license": "MIT"
    },
    "node_modules/vscode-uri": {
      "version": "1.0.8",
      "dev": true,
      "license": "MIT"
    }
  },
  "dependencies": {
    "@emmetio/extract-abbreviation": {
      "version": "0.1.6",
      "dev": true
    },
    "@node-projects/base-custom-webcomponent": {
      "version": "0.0.200",
      "resolved": "https://registry.npmjs.org/@node-projects/base-custom-webcomponent/-/base-custom-webcomponent-0.0.200.tgz",
      "integrity": "sha512-EEeC1Cx/F+mtVOzfOH9kEcc2Gc+11llW6pmte+mHZsrk1VHhBYESRGndY7nnphlBrLxByD8SsqsWCpILum2pJw=="
    },
    "@node-projects/lean-he-esm": {
      "version": "3.3.0",
      "dev": true
    },
    "@node-projects/node-html-parser-esm": {
      "version": "2.2.2",
      "dev": true,
      "requires": {
        "@node-projects/lean-he-esm": "^3.2.0"
      }
    },
    "@types/jquery": {
      "version": "3.5.5",
      "dev": true,
      "requires": {
        "@types/sizzle": "*"
      }
    },
    "@types/jquery.fancytree": {
      "version": "0.0.6",
      "dev": true,
      "requires": {
        "@types/jquery": "*",
        "@types/jqueryui": "*"
      }
    },
    "@types/jqueryui": {
      "version": "1.12.14",
      "dev": true,
      "requires": {
        "@types/jquery": "*"
      }
    },
    "@types/sizzle": {
      "version": "2.3.2",
      "dev": true
    },
    "@webcomponents/webcomponentsjs": {
      "version": "2.5.0"
    },
    "ace-builds": {
      "version": "1.4.12",
      "dev": true
    },
    "boolbase": {
      "version": "1.0.0",
      "dev": true
    },
    "construct-style-sheets-polyfill": {
      "version": "2.4.16"
    },
    "css-select": {
      "version": "3.1.2",
      "dev": true,
      "requires": {
        "boolbase": "^1.0.0",
        "css-what": "^4.0.0",
        "domhandler": "^4.0.0",
        "domutils": "^2.4.3",
        "nth-check": "^2.0.0"
      }
    },
    "css-what": {
      "version": "4.0.0",
      "dev": true
    },
    "dom-serializer": {
      "version": "1.3.1",
      "dev": true,
      "requires": {
        "domelementtype": "^2.0.1",
        "domhandler": "^4.0.0",
        "entities": "^2.0.0"
      }
    },
    "domelementtype": {
      "version": "2.2.0",
      "dev": true
    },
    "domhandler": {
      "version": "4.2.0",
      "dev": true,
      "requires": {
        "domelementtype": "^2.2.0"
      }
    },
    "domutils": {
      "version": "2.6.0",
      "dev": true,
      "requires": {
        "dom-serializer": "^1.0.1",
        "domelementtype": "^2.2.0",
        "domhandler": "^4.2.0"
      }
    },
    "entities": {
      "version": "2.2.0",
      "dev": true
    },
    "he": {
      "version": "1.2.0",
      "dev": true
    },
    "jquery": {
      "version": "3.6.0",
      "dev": true
    },
    "jquery.fancytree": {
      "version": "2.38.0",
      "dev": true,
      "requires": {}
    },
    "jsonc-parser": {
      "version": "1.0.3",
      "dev": true
    },
    "monaco-editor": {
      "version": "0.23.0",
      "dev": true
    },
    "node-html-parser": {
      "version": "3.2.0",
      "dev": true,
      "requires": {
        "css-select": "^3.1.2",
        "he": "1.2.0"
      }
    },
    "nth-check": {
      "version": "2.0.0",
      "dev": true,
      "requires": {
        "boolbase": "^1.0.0"
      }
    },
    "typescript": {
      "version": "4.3.0-dev.20210501",
      "resolved": "https://registry.npmjs.org/typescript/-/typescript-4.3.0-dev.20210501.tgz",
      "integrity": "sha512-rMtoZu3p8ELtzGI2NzGs4Xyiyc5Yy9mW8c7tCV2cjd11AS9hrqxNrfuCeph/jWWftgtuwx8ZbAxxnBlT69QnzQ==",
      "dev": true
    },
    "typescript-lit-html-plugin": {
      "version": "0.9.0",
      "dev": true,
      "requires": {
        "typescript-styled-plugin": "^0.13.0",
        "typescript-template-language-service-decorator": "^2.2.0",
        "vscode-html-languageservice": "^2.1.10",
        "vscode-languageserver-types": "^3.13.0"
      }
    },
    "typescript-styled-plugin": {
      "version": "0.13.0",
      "dev": true,
      "requires": {
        "typescript-template-language-service-decorator": "^2.0.0",
        "vscode-css-languageservice": "^3.0.12",
        "vscode-emmet-helper": "1.2.11",
        "vscode-languageserver-types": "^3.13.0"
      }
    },
    "typescript-template-language-service-decorator": {
      "version": "2.2.0",
      "dev": true
    },
    "vscode-css-languageservice": {
      "version": "3.0.13",
      "dev": true,
      "requires": {
        "vscode-languageserver-types": "^3.13.0",
        "vscode-nls": "^4.0.0"
      }
    },
    "vscode-emmet-helper": {
      "version": "1.2.11",
      "dev": true,
      "requires": {
        "@emmetio/extract-abbreviation": "0.1.6",
        "jsonc-parser": "^1.0.0",
        "vscode-languageserver-types": "^3.6.0-next.1"
      }
    },
    "vscode-html-languageservice": {
      "version": "2.1.12",
      "dev": true,
      "requires": {
        "vscode-languageserver-types": "^3.13.0",
        "vscode-nls": "^4.0.0",
        "vscode-uri": "^1.0.6"
      }
    },
    "vscode-languageserver-types": {
      "version": "3.14.0",
      "dev": true
    },
    "vscode-nls": {
      "version": "4.1.1",
      "dev": true
    },
    "vscode-uri": {
      "version": "1.0.8",
      "dev": true
    }
  }
}
