{
  "name": "@node-projects/web-component-designer",
  "version": "0.0.1",
  "lockfileVersion": 1,
  "requires": true,
  "dependencies": {
    "@emmetio/extract-abbreviation": {
      "version": "0.1.6",
      "resolved": "https://registry.npmjs.org/@emmetio/extract-abbreviation/-/extract-abbreviation-0.1.6.tgz",
      "integrity": "sha512-Ce3xE2JvTSEbASFbRbA1gAIcMcZWdS2yUYRaQbeM0nbOzaZrUYfa3ePtcriYRZOZmr+CkKA+zbjhvTpIOAYVcw==",
      "dev": true
    },
    "@types/ace": {
      "version": "0.0.42",
      "resolved": "https://registry.npmjs.org/@types/ace/-/ace-0.0.42.tgz",
      "integrity": "sha512-ZakacqExJnGSoz0fSFtSL1A1Df+MIqTIPBBMl1ppEU8wS5AWGx0EPQPOyiAazkyMrskI0iG16tT+K1ZmIJGGnA==",
      "dev": true
    },
    "@webcomponents/webcomponentsjs": {
      "version": "2.4.0",
      "resolved": "https://registry.npmjs.org/@webcomponents/webcomponentsjs/-/webcomponentsjs-2.4.0.tgz",
      "integrity": "sha512-kEClEz2nu9/i6SvyBJTV4pCc6CyCzMhK7zEeJ6QhiJoulBp4YZ06Zfj2E2HUXfWfHJIjtKriJYMtfhettKEjEg=="
    },
    "ace-builds": {
      "version": "1.4.7",
      "resolved": "https://registry.npmjs.org/ace-builds/-/ace-builds-1.4.7.tgz",
      "integrity": "sha512-gwQGVFewBopRLho08BfahyvRa9FlB43JUig5ItAKTYc9kJJsbA9QNz75p28QtQomoPQ9rJx82ymL21x4ZSZmdg=="
    },
    "construct-style-sheets-polyfill": {
      "version": "2.3.2",
      "resolved": "https://registry.npmjs.org/construct-style-sheets-polyfill/-/construct-style-sheets-polyfill-2.3.2.tgz",
      "integrity": "sha512-7Pg799ixhztco7ZsRPLrAC/mIw4avoXWJYJJuf2MApaA44tzwE7uT9J76VdZ+B4gZWFjDQolVr5se2PxV4orEQ=="
    },
    "dock-spawn-ts": {
      "version": "2.35.0",
      "resolved": "https://registry.npmjs.org/dock-spawn-ts/-/dock-spawn-ts-2.35.0.tgz",
      "integrity": "sha512-Ka1FeEVzf22WhNlFngvUN//WmQsvfEm+QTByOIBbxQM17Pa6S2AOE+7pohpYI0C6FT5AMqeeJSLdNKBB6D8tZQ==",
      "dev": true
    },
    "jsonc-parser": {
      "version": "1.0.3",
      "resolved": "https://registry.npmjs.org/jsonc-parser/-/jsonc-parser-1.0.3.tgz",
      "integrity": "sha512-hk/69oAeaIzchq/v3lS50PXuzn5O2ynldopMC+SWBql7J2WtdptfB9dy8Y7+Og5rPkTCpn83zTiO8FMcqlXJ/g==",
      "dev": true
    },
    "typescript": {
      "version": "3.7.2",
      "resolved": "https://registry.npmjs.org/typescript/-/typescript-3.7.2.tgz",
      "integrity": "sha512-ml7V7JfiN2Xwvcer+XAf2csGO1bPBdRbFCkYBczNZggrBZ9c7G3riSUeJmqEU5uOtXNPMhE3n+R4FA/3YOAWOQ==",
      "dev": true
    },
    "typescript-lit-html-plugin": {
      "version": "0.9.0",
      "resolved": "https://registry.npmjs.org/typescript-lit-html-plugin/-/typescript-lit-html-plugin-0.9.0.tgz",
      "integrity": "sha512-Ux2I1sPpt2akNbRZiBAND9oA8XNE2BuVmDwsb7rZshJ9T8/Na2rICE5Tnuj9dPHdFUATdOGjVEagn1/v8T4gCQ==",
      "dev": true,
      "requires": {
        "typescript-styled-plugin": "^0.13.0",
        "typescript-template-language-service-decorator": "^2.2.0",
        "vscode-html-languageservice": "^2.1.10",
        "vscode-languageserver-types": "^3.13.0"
      }
    },
    "typescript-styled-plugin": {
      "version": "0.13.0",
      "resolved": "https://registry.npmjs.org/typescript-styled-plugin/-/typescript-styled-plugin-0.13.0.tgz",
      "integrity": "sha512-GGMzv/JAd4S8mvWgHZslvW2G1HHrdurrp93oSR4h85SM8e5at7+KCqHsZICiTaL+iN25YGkJqoaZe4XklA76rg==",
      "dev": true,
      "requires": {
        "typescript-template-language-service-decorator": "^2.0.0",
        "vscode-css-languageservice": "^3.0.12",
        "vscode-emmet-helper": "1.2.11",
        "vscode-languageserver-types": "^3.13.0"
      }
    },
    "typescript-template-language-service-decorator": {
      "version": "2.2.0",
      "resolved": "https://registry.npmjs.org/typescript-template-language-service-decorator/-/typescript-template-language-service-decorator-2.2.0.tgz",
      "integrity": "sha512-xiolqt1i7e22rpqMaprPgSFVgU64u3b9n6EJlAaUYE61jumipKAdI1+O5khPlWslpTUj80YzjUKjJ2jxT0D74w==",
      "dev": true
    },
    "vscode-css-languageservice": {
      "version": "3.0.13",
      "resolved": "https://registry.npmjs.org/vscode-css-languageservice/-/vscode-css-languageservice-3.0.13.tgz",
      "integrity": "sha512-RWkO/c/A7iXhHEy3OuEqkCqavDjpD4NF2Ca8vjai+ZtEYNeHrm1ybTnBYLP4Ft1uXvvaaVtYA9HrDjD6+CUONg==",
      "dev": true,
      "requires": {
        "vscode-languageserver-types": "^3.13.0",
        "vscode-nls": "^4.0.0"
      }
    },
    "vscode-emmet-helper": {
      "version": "1.2.11",
      "resolved": "https://registry.npmjs.org/vscode-emmet-helper/-/vscode-emmet-helper-1.2.11.tgz",
      "integrity": "sha512-ms6/Z9TfNbjXS8r/KgbGxrNrFlu4RcIfVJxTZ2yFi0K4gn+Ka9X1+8cXvb5+5IOBGUrOsPjR0BuefdDkG+CKbQ==",
      "dev": true,
      "requires": {
        "@emmetio/extract-abbreviation": "0.1.6",
        "jsonc-parser": "^1.0.0",
        "vscode-languageserver-types": "^3.6.0-next.1"
      }
    },
    "vscode-html-languageservice": {
      "version": "2.1.12",
      "resolved": "https://registry.npmjs.org/vscode-html-languageservice/-/vscode-html-languageservice-2.1.12.tgz",
      "integrity": "sha512-mIb5VMXM5jI97HzCk2eadI1K//rCEZXte0wBqA7PGXsyJH4KTyJUaYk9MR+mbfpUl2vMi3HZw9GUOLGYLc6l5w==",
      "dev": true,
      "requires": {
        "vscode-languageserver-types": "^3.13.0",
        "vscode-nls": "^4.0.0",
        "vscode-uri": "^1.0.6"
      }
    },
    "vscode-languageserver-types": {
      "version": "3.14.0",
      "resolved": "https://registry.npmjs.org/vscode-languageserver-types/-/vscode-languageserver-types-3.14.0.tgz",
      "integrity": "sha512-lTmS6AlAlMHOvPQemVwo3CezxBp0sNB95KNPkqp3Nxd5VFEnuG1ByM0zlRWos0zjO3ZWtkvhal0COgiV1xIA4A==",
      "dev": true
    },
    "vscode-nls": {
      "version": "4.1.1",
      "resolved": "https://registry.npmjs.org/vscode-nls/-/vscode-nls-4.1.1.tgz",
      "integrity": "sha512-4R+2UoUUU/LdnMnFjePxfLqNhBS8lrAFyX7pjb2ud/lqDkrUavFUTcG7wR0HBZFakae0Q6KLBFjMS6W93F403A==",
      "dev": true
    },
    "vscode-uri": {
      "version": "1.0.8",
      "resolved": "https://registry.npmjs.org/vscode-uri/-/vscode-uri-1.0.8.tgz",
      "integrity": "sha512-obtSWTlbJ+a+TFRYGaUumtVwb+InIUVI0Lu0VBUAPmj2cU5JutEXg3xUE0c2J5Tcy7h2DEKVJBFi+Y9ZSFzzPQ==",
      "dev": true
    }
  }
}
